
Microsoft Visual Studio Solution File, Format Version 12.00
# Visual Studio Version 16
VisualStudioVersion = 16.0.29025.244
MinimumVisualStudioVersion = 10.0.40219.1
Project("{FAE04EC0-301F-11D3-BF4B-00C04F79EFBC}") = "CsvParser", "CsvParser\CsvParser.csproj", "{E9B5A3B4-A792-44CB-90BA-43EBCDA2289F}"
EndProject
Project("{FAE04EC0-301F-11D3-BF4B-00C04F79EFBC}") = "TestCsvParser", "TestCsvParser\TestCsvParser.csproj", "{1E052ABE-6C96-42EC-A9AF-77031BB94455}"
EndProject
Global
	GlobalSection(SolutionConfigurationPlatforms) = preSolution
		Debug|Any CPU = Debug|Any CPU
		Release|Any CPU = Release|Any CPU
	EndGlobalSection
	GlobalSection(ProjectConfigurationPlatforms) = postSolution
		{E9B5A3B4-A792-44CB-90BA-43EBCDA2289F}.Debug|Any CPU.ActiveCfg = Debug|Any CPU
		{E9B5A3B4-A792-44CB-90BA-43EBCDA2289F}.Debug|Any CPU.Build.0 = Debug|Any CPU
		{E9B5A3B4-A792-44CB-90BA-43EBCDA2289F}.Release|Any CPU.ActiveCfg = Release|Any CPU
		{E9B5A3B4-A792-44CB-90BA-43EBCDA2289F}.Release|Any CPU.Build.0 = Release|Any CPU
		{1E052ABE-6C96-42EC-A9AF-77031BB94455}.Debug|Any CPU.ActiveCfg = Debug|Any CPU
		{1E052ABE-6C96-42EC-A9AF-77031BB94455}.Debug|Any CPU.Build.0 = Debug|Any CPU
		{1E052ABE-6C96-42EC-A9AF-77031BB94455}.Release|Any CPU.ActiveCfg = Release|Any CPU
		{1E052ABE-6C96-42EC-A9AF-77031BB94455}.Release|Any CPU.Build.0 = Release|Any CPU
	EndGlobalSection
	GlobalSection(SolutionProperties) = preSolution
		HideSolutionNode = FALSE
	EndGlobalSection
	GlobalSection(ExtensibilityGlobals) = postSolution
		SolutionGuid = {7B3569D6-FA94-49DE-94D1-B026A1775A96}
	EndGlobalSection
EndGlobal
